
Microsoft Visual Studio Solution File, Format Version 12.00
Project("{FAE04EC0-301F-11D3-BF4B-00C04F79EFBC}") = "Server", "Server.csproj", "{32B1AC99-FAD6-47DE-8F2C-7A468F1E7F7C}"
EndProject
Global
	GlobalSection(SolutionConfigurationPlatforms) = preSolution
		Debug|Any CPU = Debug|Any CPU
		Release|Any CPU = Release|Any CPU
	EndGlobalSection
	GlobalSection(ProjectConfigurationPlatforms) = postSolution
		{32B1AC99-FAD6-47DE-8F2C-7A468F1E7F7C}.Debug|Any CPU.ActiveCfg = Debug|Any CPU
		{32B1AC99-FAD6-47DE-8F2C-7A468F1E7F7C}.Debug|Any CPU.Build.0 = Debug|Any CPU
		{32B1AC99-FAD6-47DE-8F2C-7A468F1E7F7C}.Release|Any CPU.ActiveCfg = Release|Any CPU
		{32B1AC99-FAD6-47DE-8F2C-7A468F1E7F7C}.Release|Any CPU.Build.0 = Release|Any CPU
	EndGlobalSection
EndGlobal
